
Microsoft Visual Studio Solution File, Format Version 12.00
# Visual Studio 15
VisualStudioVersion = 15.0.27130.0
MinimumVisualStudioVersion = 10.0.40219.1
Project("{FAE04EC0-301F-11D3-BF4B-00C04F79EFBC}") = "ManagementPortal", "ManagementPortal\ManagementPortal.csproj", "{A62502BA-1EDA-4B8C-ACE5-23C09B80E6DC}"
EndProject
Global
	GlobalSection(SolutionConfigurationPlatforms) = preSolution
		Debug|Any CPU = Debug|Any CPU
		Release|Any CPU = Release|Any CPU
	EndGlobalSection
	GlobalSection(ProjectConfigurationPlatforms) = postSolution
		{A62502BA-1EDA-4B8C-ACE5-23C09B80E6DC}.Debug|Any CPU.ActiveCfg = Debug|Any CPU
		{A62502BA-1EDA-4B8C-ACE5-23C09B80E6DC}.Debug|Any CPU.Build.0 = Debug|Any CPU
		{A62502BA-1EDA-4B8C-ACE5-23C09B80E6DC}.Release|Any CPU.ActiveCfg = Release|Any CPU
		{A62502BA-1EDA-4B8C-ACE5-23C09B80E6DC}.Release|Any CPU.Build.0 = Release|Any CPU
	EndGlobalSection
	GlobalSection(SolutionProperties) = preSolution
		HideSolutionNode = FALSE
	EndGlobalSection
	GlobalSection(ExtensibilityGlobals) = postSolution
		SolutionGuid = {61D36CB9-D143-4D0D-8CE1-16EE51F98B71}
	EndGlobalSection
EndGlobal
